
Microsoft Visual Studio Solution File, Format Version 12.00
# Visual Studio Version 16
VisualStudioVersion = 16.0.31605.320
MinimumVisualStudioVersion = 10.0.40219.1
Project("{FAE04EC0-301F-11D3-BF4B-00C04F79EFBC}") = "TP4_WRITE", "TP4_WRITE\TP4_WRITE.csproj", "{A0DA22D2-70DC-4C52-A2DA-F84C35F4ED55}"
EndProject
Global
	GlobalSection(SolutionConfigurationPlatforms) = preSolution
		Debug|Any CPU = Debug|Any CPU
		Release|Any CPU = Release|Any CPU
	EndGlobalSection
	GlobalSection(ProjectConfigurationPlatforms) = postSolution
		{A0DA22D2-70DC-4C52-A2DA-F84C35F4ED55}.Debug|Any CPU.ActiveCfg = Debug|Any CPU
		{A0DA22D2-70DC-4C52-A2DA-F84C35F4ED55}.Debug|Any CPU.Build.0 = Debug|Any CPU
		{A0DA22D2-70DC-4C52-A2DA-F84C35F4ED55}.Release|Any CPU.ActiveCfg = Release|Any CPU
		{A0DA22D2-70DC-4C52-A2DA-F84C35F4ED55}.Release|Any CPU.Build.0 = Release|Any CPU
	EndGlobalSection
	GlobalSection(SolutionProperties) = preSolution
		HideSolutionNode = FALSE
	EndGlobalSection
	GlobalSection(ExtensibilityGlobals) = postSolution
		SolutionGuid = {4642B490-4EF8-4ED6-A1FC-0B633F5D3B36}
	EndGlobalSection
EndGlobal
